
Microsoft Visual Studio Solution File, Format Version 12.00
# Visual Studio 15
VisualStudioVersion = 15.0.28010.2048
MinimumVisualStudioVersion = 10.0.40219.1
Project("{FAE04EC0-301F-11D3-BF4B-00C04F79EFBC}") = "TestCLIAngular3", "TestCLIAngular3\TestCLIAngular3.csproj", "{11AFE49F-BAB8-4FBC-A03B-1D2C02462231}"
EndProject
Project("{FAE04EC0-301F-11D3-BF4B-00C04F79EFBC}") = "Data", "Data\Data.csproj", "{D5670189-4D48-46EB-83F6-8A752CD4A532}"
EndProject
Project("{FAE04EC0-301F-11D3-BF4B-00C04F79EFBC}") = "Abstraction", "Abstraction\Abstraction.csproj", "{87034041-9519-478B-9CD4-9A68CE1D95EE}"
EndProject
Project("{FAE04EC0-301F-11D3-BF4B-00C04F79EFBC}") = "Core", "Core\Core.csproj", "{A061ECD8-2C47-49A7-A073-EC8B1D5B0D42}"
EndProject
Project("{FAE04EC0-301F-11D3-BF4B-00C04F79EFBC}") = "BootStrap", "BootStrap\BootStrap.csproj", "{1168B79B-4EB2-4A28-B065-76FCCF577D22}"
EndProject
Global
	GlobalSection(SolutionConfigurationPlatforms) = preSolution
		Debug|Any CPU = Debug|Any CPU
		Release|Any CPU = Release|Any CPU
	EndGlobalSection
	GlobalSection(ProjectConfigurationPlatforms) = postSolution
		{11AFE49F-BAB8-4FBC-A03B-1D2C02462231}.Debug|Any CPU.ActiveCfg = Debug|Any CPU
		{11AFE49F-BAB8-4FBC-A03B-1D2C02462231}.Debug|Any CPU.Build.0 = Debug|Any CPU
		{11AFE49F-BAB8-4FBC-A03B-1D2C02462231}.Release|Any CPU.ActiveCfg = Release|Any CPU
		{11AFE49F-BAB8-4FBC-A03B-1D2C02462231}.Release|Any CPU.Build.0 = Release|Any CPU
		{D5670189-4D48-46EB-83F6-8A752CD4A532}.Debug|Any CPU.ActiveCfg = Debug|Any CPU
		{D5670189-4D48-46EB-83F6-8A752CD4A532}.Debug|Any CPU.Build.0 = Debug|Any CPU
		{D5670189-4D48-46EB-83F6-8A752CD4A532}.Release|Any CPU.ActiveCfg = Release|Any CPU
		{D5670189-4D48-46EB-83F6-8A752CD4A532}.Release|Any CPU.Build.0 = Release|Any CPU
		{87034041-9519-478B-9CD4-9A68CE1D95EE}.Debug|Any CPU.ActiveCfg = Debug|Any CPU
		{87034041-9519-478B-9CD4-9A68CE1D95EE}.Debug|Any CPU.Build.0 = Debug|Any CPU
		{87034041-9519-478B-9CD4-9A68CE1D95EE}.Release|Any CPU.ActiveCfg = Release|Any CPU
		{87034041-9519-478B-9CD4-9A68CE1D95EE}.Release|Any CPU.Build.0 = Release|Any CPU
		{A061ECD8-2C47-49A7-A073-EC8B1D5B0D42}.Debug|Any CPU.ActiveCfg = Debug|Any CPU
		{A061ECD8-2C47-49A7-A073-EC8B1D5B0D42}.Debug|Any CPU.Build.0 = Debug|Any CPU
		{A061ECD8-2C47-49A7-A073-EC8B1D5B0D42}.Release|Any CPU.ActiveCfg = Release|Any CPU
		{A061ECD8-2C47-49A7-A073-EC8B1D5B0D42}.Release|Any CPU.Build.0 = Release|Any CPU
		{1168B79B-4EB2-4A28-B065-76FCCF577D22}.Debug|Any CPU.ActiveCfg = Debug|Any CPU
		{1168B79B-4EB2-4A28-B065-76FCCF577D22}.Debug|Any CPU.Build.0 = Debug|Any CPU
		{1168B79B-4EB2-4A28-B065-76FCCF577D22}.Release|Any CPU.ActiveCfg = Release|Any CPU
		{1168B79B-4EB2-4A28-B065-76FCCF577D22}.Release|Any CPU.Build.0 = Release|Any CPU
	EndGlobalSection
	GlobalSection(SolutionProperties) = preSolution
		HideSolutionNode = FALSE
	EndGlobalSection
	GlobalSection(ExtensibilityGlobals) = postSolution
		SolutionGuid = {02BBF6EC-C111-4013-8B22-88053CCB33EE}
	EndGlobalSection
EndGlobal
